// !$*UTF8*$!
{
	archiveVersion = 1;
	classes = {
	};
	objectVersion = 48;
	objects = {

/* Begin PBXBuildFile section */
		2F908D6D1FDE5868002A069A /* AppDelegate.swift in Sources */ = {isa = PBXBuildFile; fileRef = 2F908D6C1FDE5868002A069A /* AppDelegate.swift */; };
		2F908D6F1FDE5868002A069A /* ViewController.swift in Sources */ = {isa = PBXBuildFile; fileRef = 2F908D6E1FDE5868002A069A /* ViewController.swift */; };
		2F908D721FDE5868002A069A /* Main.storyboard in Resources */ = {isa = PBXBuildFile; fileRef = 2F908D701FDE5868002A069A /* Main.storyboard */; };
		2F908D741FDE5868002A069A /* Assets.xcassets in Resources */ = {isa = PBXBuildFile; fileRef = 2F908D731FDE5868002A069A /* Assets.xcassets */; };
		2F908D771FDE5868002A069A /* LaunchScreen.storyboard in Resources */ = {isa = PBXBuildFile; fileRef = 2F908D751FDE5868002A069A /* LaunchScreen.storyboard */; };
		2F908D821FDE5868002A069A /* Swyft_AppTests.swift in Sources */ = {isa = PBXBuildFile; fileRef = 2F908D811FDE5868002A069A /* Swyft_AppTests.swift */; };
		2F908D8D1FDE5868002A069A /* Swyft_AppUITests.swift in Sources */ = {isa = PBXBuildFile; fileRef = 2F908D8C1FDE5868002A069A /* Swyft_AppUITests.swift */; };
/* End PBXBuildFile section */

/* Begin PBXContainerItemProxy section */
		2F908D7E1FDE5868002A069A /* PBXContainerItemProxy */ = {
			isa = PBXContainerItemProxy;
			containerPortal = 2F908D611FDE5867002A069A /* Project object */;
			proxyType = 1;
			remoteGlobalIDString = 2F908D681FDE5867002A069A;
			remoteInfo = "Swyft App";
		};
		2F908D891FDE5868002A069A /* PBXContainerItemProxy */ = {
			isa = PBXContainerItemProxy;
			containerPortal = 2F908D611FDE5867002A069A /* Project object */;
			proxyType = 1;
			remoteGlobalIDString = 2F908D681FDE5867002A069A;
			remoteInfo = "Swyft App";
		};
/* End PBXContainerItemProxy section */

/* Begin PBXFileReference section */
		2F908D691FDE5867002A069A /* Swyft App.app */ = {isa = PBXFileReference; explicitFileType = wrapper.application; includeInIndex = 0; path = "Swyft App.app"; sourceTree = BUILT_PRODUCTS_DIR; };
		2F908D6C1FDE5868002A069A /* AppDelegate.swift */ = {isa = PBXFileReference; lastKnownFileType = sourcecode.swift; path = AppDelegate.swift; sourceTree = "<group>"; };
		2F908D6E1FDE5868002A069A /* ViewController.swift */ = {isa = PBXFileReference; lastKnownFileType = sourcecode.swift; path = ViewController.swift; sourceTree = "<group>"; };
		2F908D711FDE5868002A069A /* Base */ = {isa = PBXFileReference; lastKnownFileType = file.storyboard; name = Base; path = Base.lproj/Main.storyboard; sourceTree = "<group>"; };
		2F908D731FDE5868002A069A /* Assets.xcassets */ = {isa = PBXFileReference; lastKnownFileType = folder.assetcatalog; path = Assets.xcassets; sourceTree = "<group>"; };
		2F908D761FDE5868002A069A /* Base */ = {isa = PBXFileReference; lastKnownFileType = file.storyboard; name = Base; path = Base.lproj/LaunchScreen.storyboard; sourceTree = "<group>"; };
		2F908D781FDE5868002A069A /* Info.plist */ = {isa = PBXFileReference; lastKnownFileType = text.plist.xml; path = Info.plist; sourceTree = "<group>"; };
		2F908D7D1FDE5868002A069A /* Swyft AppTests.xctest */ = {isa = PBXFileReference; explicitFileType = wrapper.cfbundle; includeInIndex = 0; path = "Swyft AppTests.xctest"; sourceTree = BUILT_PRODUCTS_DIR; };
		2F908D811FDE5868002A069A /* Swyft_AppTests.swift */ = {isa = PBXFileReference; lastKnownFileType = sourcecode.swift; path = Swyft_AppTests.swift; sourceTree = "<group>"; };
		2F908D831FDE5868002A069A /* Info.plist */ = {isa = PBXFileReference; lastKnownFileType = text.plist.xml; path = Info.plist; sourceTree = "<group>"; };
		2F908D881FDE5868002A069A /* Swyft AppUITests.xctest */ = {isa = PBXFileReference; explicitFileType = wrapper.cfbundle; includeInIndex = 0; path = "Swyft AppUITests.xctest"; sourceTree = BUILT_PRODUCTS_DIR; };
		2F908D8C1FDE5868002A069A /* Swyft_AppUITests.swift */ = {isa = PBXFileReference; lastKnownFileType = sourcecode.swift; path = Swyft_AppUITests.swift; sourceTree = "<group>"; };
		2F908D8E1FDE5868002A069A /* Info.plist */ = {isa = PBXFileReference; lastKnownFileType = text.plist.xml; path = Info.plist; sourceTree = "<group>"; };
/* End PBXFileReference section */

/* Begin PBXFrameworksBuildPhase section */
		2F908D661FDE5867002A069A /* Frameworks */ = {
			isa = PBXFrameworksBuildPhase;
			buildActionMask = 2147483647;
			files = (
			);
			runOnlyForDeploymentPostprocessing = 0;
		};
		2F908D7A1FDE5868002A069A /* Frameworks */ = {
			isa = PBXFrameworksBuildPhase;
			buildActionMask = 2147483647;
			files = (
			);
			runOnlyForDeploymentPostprocessing = 0;
		};
		2F908D851FDE5868002A069A /* Frameworks */ = {
			isa = PBXFrameworksBuildPhase;
			buildActionMask = 2147483647;
			files = (
			);
			runOnlyForDeploymentPostprocessing = 0;
		};
/* End PBXFrameworksBuildPhase section */

/* Begin PBXGroup section */
		2F908D601FDE5867002A069A = {
			isa = PBXGroup;
			children = (
				2F908D6B1FDE5867002A069A /* Swyft App */,
				2F908D801FDE5868002A069A /* Swyft AppTests */,
				2F908D8B1FDE5868002A069A /* Swyft AppUITests */,
				2F908D6A1FDE5867002A069A /* Products */,
			);
			sourceTree = "<group>";
		};
		2F908D6A1FDE5867002A069A /* Products */ = {
			isa = PBXGroup;
			children = (
				2F908D691FDE5867002A069A /* Swyft App.app */,
				2F908D7D1FDE5868002A069A /* Swyft AppTests.xctest */,
				2F908D881FDE5868002A069A /* Swyft AppUITests.xctest */,
			);
			name = Products;
			sourceTree = "<group>";
		};
		2F908D6B1FDE5867002A069A /* Swyft App */ = {
			isa = PBXGroup;
			children = (
				2F908D6C1FDE5868002A069A /* AppDelegate.swift */,
				2F908D6E1FDE5868002A069A /* ViewController.swift */,
				2F908D701FDE5868002A069A /* Main.storyboard */,
				2F908D731FDE5868002A069A /* Assets.xcassets */,
				2F908D751FDE5868002A069A /* LaunchScreen.storyboard */,
				2F908D781FDE5868002A069A /* Info.plist */,
			);
			path = "Swyft App";
			sourceTree = "<group>";
		};
		2F908D801FDE5868002A069A /* Swyft AppTests */ = {
			isa = PBXGroup;
			children = (
				2F908D811FDE5868002A069A /* Swyft_AppTests.swift */,
				2F908D831FDE5868002A069A /* Info.plist */,
			);
			path = "Swyft AppTests";
			sourceTree = "<group>";
		};
		2F908D8B1FDE5868002A069A /* Swyft AppUITests */ = {
			isa = PBXGroup;
			children = (
				2F908D8C1FDE5868002A069A /* Swyft_AppUITests.swift */,
				2F908D8E1FDE5868002A069A /* Info.plist */,
			);
			path = "Swyft AppUITests";
			sourceTree = "<group>";
		};
/* End PBXGroup section */

/* Begin PBXNativeTarget section */
		2F908D681FDE5867002A069A /* Swyft App */ = {
			isa = PBXNativeTarget;
			buildConfigurationList = 2F908D911FDE5868002A069A /* Build configuration list for PBXNativeTarget "Swyft App" */;
			buildPhases = (
				2F908D651FDE5867002A069A /* Sources */,
				2F908D661FDE5867002A069A /* Frameworks */,
				2F908D671FDE5867002A069A /* Resources */,
			);
			buildRules = (
			);
			dependencies = (
			);
			name = "Swyft App";
			productName = "Swyft App";
			productReference = 2F908D691FDE5867002A069A /* Swyft App.app */;
			productType = "com.apple.product-type.application";
		};
		2F908D7C1FDE5868002A069A /* Swyft AppTests */ = {
			isa = PBXNativeTarget;
			buildConfigurationList = 2F908D941FDE5868002A069A /* Build configuration list for PBXNativeTarget "Swyft AppTests" */;
			buildPhases = (
				2F908D791FDE5868002A069A /* Sources */,
				2F908D7A1FDE5868002A069A /* Frameworks */,
				2F908D7B1FDE5868002A069A /* Resources */,
			);
			buildRules = (
			);
			dependencies = (
				2F908D7F1FDE5868002A069A /* PBXTargetDependency */,
			);
			name = "Swyft AppTests";
			productName = "Swyft AppTests";
			productReference = 2F908D7D1FDE5868002A069A /* Swyft AppTests.xctest */;
			productType = "com.apple.product-type.bundle.unit-test";
		};
		2F908D871FDE5868002A069A /* Swyft AppUITests */ = {
			isa = PBXNativeTarget;
			buildConfigurationList = 2F908D971FDE5868002A069A /* Build configuration list for PBXNativeTarget "Swyft AppUITests" */;
			buildPhases = (
				2F908D841FDE5868002A069A /* Sources */,
				2F908D851FDE5868002A069A /* Frameworks */,
				2F908D861FDE5868002A069A /* Resources */,
			);
			buildRules = (
			);
			dependencies = (
				2F908D8A1FDE5868002A069A /* PBXTargetDependency */,
			);
			name = "Swyft AppUITests";
			productName = "Swyft AppUITests";
			productReference = 2F908D881FDE5868002A069A /* Swyft AppUITests.xctest */;
			productType = "com.apple.product-type.bundle.ui-testing";
		};
/* End PBXNativeTarget section */

/* Begin PBXProject section */
		2F908D611FDE5867002A069A /* Project object */ = {
			isa = PBXProject;
			attributes = {
				LastSwiftUpdateCheck = 0920;
				LastUpgradeCheck = 0920;
				ORGANIZATIONNAME = Yun;
				TargetAttributes = {
					2F908D681FDE5867002A069A = {
						CreatedOnToolsVersion = 9.2;
						ProvisioningStyle = Automatic;
					};
					2F908D7C1FDE5868002A069A = {
						CreatedOnToolsVersion = 9.2;
						ProvisioningStyle = Automatic;
						TestTargetID = 2F908D681FDE5867002A069A;
					};
					2F908D871FDE5868002A069A = {
						CreatedOnToolsVersion = 9.2;
						ProvisioningStyle = Automatic;
						TestTargetID = 2F908D681FDE5867002A069A;
					};
				};
			};
			buildConfigurationList = 2F908D641FDE5867002A069A /* Build configuration list for PBXProject "Swyft App" */;
			compatibilityVersion = "Xcode 8.0";
			developmentRegion = en;
			hasScannedForEncodings = 0;
			knownRegions = (
				en,
				Base,
			);
			mainGroup = 2F908D601FDE5867002A069A;
			productRefGroup = 2F908D6A1FDE5867002A069A /* Products */;
			projectDirPath = "";
			projectRoot = "";
			targets = (
				2F908D681FDE5867002A069A /* Swyft App */,
				2F908D7C1FDE5868002A069A /* Swyft AppTests */,
				2F908D871FDE5868002A069A /* Swyft AppUITests */,
			);
		};
/* End PBXProject section */

/* Begin PBXResourcesBuildPhase section */
		2F908D671FDE5867002A069A /* Resources */ = {
			isa = PBXResourcesBuildPhase;
			buildActionMask = 2147483647;
			files = (
				2F908D771FDE5868002A069A /* LaunchScreen.storyboard in Resources */,
				2F908D741FDE5868002A069A /* Assets.xcassets in Resources */,
				2F908D721FDE5868002A069A /* Main.storyboard in Resources */,
			);
			runOnlyForDeploymentPostprocessing = 0;
		};
		2F908D7B1FDE5868002A069A /* Resources */ = {
			isa = PBXResourcesBuildPhase;
			buildActionMask = 2147483647;
			files = (
			);
			runOnlyForDeploymentPostprocessing = 0;
		};
		2F908D861FDE5868002A069A /* Resources */ = {
			isa = PBXResourcesBuildPhase;
			buildActionMask = 2147483647;
			files = (
			);
			runOnlyForDeploymentPostprocessing = 0;
		};
/* End PBXResourcesBuildPhase section */

/* Begin PBXSourcesBuildPhase section */
		2F908D651FDE5867002A069A /* Sources */ = {
			isa = PBXSourcesBuildPhase;
			buildActionMask = 2147483647;
			files = (
				2F908D6F1FDE5868002A069A /* ViewController.swift in Sources */,
				2F908D6D1FDE5868002A069A /* AppDelegate.swift in Sources */,
			);
			runOnlyForDeploymentPostprocessing = 0;
		};
		2F908D791FDE5868002A069A /* Sources */ = {
			isa = PBXSourcesBuildPhase;
			buildActionMask = 2147483647;
			files = (
				2F908D821FDE5868002A069A /* Swyft_AppTests.swift in Sources */,
			);
			runOnlyForDeploymentPostprocessing = 0;
		};
		2F908D841FDE5868002A069A /* Sources */ = {
			isa = PBXSourcesBuildPhase;
			buildActionMask = 2147483647;
			files = (
				2F908D8D1FDE5868002A069A /* Swyft_AppUITests.swift in Sources */,
			);
			runOnlyForDeploymentPostprocessing = 0;
		};
/* End PBXSourcesBuildPhase section */

/* Begin PBXTargetDependency section */
		2F908D7F1FDE5868002A069A /* PBXTargetDependency */ = {
			isa = PBXTargetDependency;
			target = 2F908D681FDE5867002A069A /* Swyft App */;
			targetProxy = 2F908D7E1FDE5868002A069A /* PBXContainerItemProxy */;
		};
		2F908D8A1FDE5868002A069A /* PBXTargetDependency */ = {
			isa = PBXTargetDependency;
			target = 2F908D681FDE5867002A069A /* Swyft App */;
			targetProxy = 2F908D891FDE5868002A069A /* PBXContainerItemProxy */;
		};
/* End PBXTargetDependency section */

/* Begin PBXVariantGroup section */
		2F908D701FDE5868002A069A /* Main.storyboard */ = {
			isa = PBXVariantGroup;
			children = (
				2F908D711FDE5868002A069A /* Base */,
			);
			name = Main.storyboard;
			sourceTree = "<group>";
		};
		2F908D751FDE5868002A069A /* LaunchScreen.storyboard */ = {
			isa = PBXVariantGroup;
			children = (
				2F908D761FDE5868002A069A /* Base */,
			);
			name = LaunchScreen.storyboard;
			sourceTree = "<group>";
		};
/* End PBXVariantGroup section */

/* Begin XCBuildConfiguration section */
		2F908D8F1FDE5868002A069A /* Debug */ = {
			isa = XCBuildConfiguration;
			buildSettings = {
				ALWAYS_SEARCH_USER_PATHS = NO;
				CLANG_ANALYZER_NONNULL = YES;
				CLANG_ANALYZER_NUMBER_OBJECT_CONVERSION = YES_AGGRESSIVE;
				CLANG_CXX_LANGUAGE_STANDARD = "gnu++14";
				CLANG_CXX_LIBRARY = "libc++";
				CLANG_ENABLE_MODULES = YES;
				CLANG_ENABLE_OBJC_ARC = YES;
				CLANG_WARN_BLOCK_CAPTURE_AUTORELEASING = YES;
				CLANG_WARN_BOOL_CONVERSION = YES;
				CLANG_WARN_COMMA = YES;
				CLANG_WARN_CONSTANT_CONVERSION = YES;
				CLANG_WARN_DIRECT_OBJC_ISA_USAGE = YES_ERROR;
				CLANG_WARN_DOCUMENTATION_COMMENTS = YES;
				CLANG_WARN_EMPTY_BODY = YES;
				CLANG_WARN_ENUM_CONVERSION = YES;
				CLANG_WARN_INFINITE_RECURSION = YES;
				CLANG_WARN_INT_CONVERSION = YES;
				CLANG_WARN_NON_LITERAL_NULL_CONVERSION = YES;
				CLANG_WARN_OBJC_LITERAL_CONVERSION = YES;
				CLANG_WARN_OBJC_ROOT_CLASS = YES_ERROR;
				CLANG_WARN_RANGE_LOOP_ANALYSIS = YES;
				CLANG_WARN_STRICT_PROTOTYPES = YES;
				CLANG_WARN_SUSPICIOUS_MOVE = YES;
				CLANG_WARN_UNGUARDED_AVAILABILITY = YES_AGGRESSIVE;
				CLANG_WARN_UNREACHABLE_CODE = YES;
				CLANG_WARN__DUPLICATE_METHOD_MATCH = YES;
				CODE_SIGN_IDENTITY = "iPhone Developer";
				COPY_PHASE_STRIP = NO;
				DEBUG_INFORMATION_FORMAT = dwarf;
				ENABLE_STRICT_OBJC_MSGSEND = YES;
				ENABLE_TESTABILITY = YES;
				GCC_C_LANGUAGE_STANDARD = gnu11;
				GCC_DYNAMIC_NO_PIC = NO;
				GCC_NO_COMMON_BLOCKS = YES;
				GCC_OPTIMIZATION_LEVEL = 0;
				GCC_PREPROCESSOR_DEFINITIONS = (
					"DEBUG=1",
					"$(inherited)",
				);
				GCC_WARN_64_TO_32_BIT_CONVERSION = YES;
				GCC_WARN_ABOUT_RETURN_TYPE = YES_ERROR;
				GCC_WARN_UNDECLARED_SELECTOR = YES;
				GCC_WARN_UNINITIALIZED_AUTOS = YES_AGGRESSIVE;
				GCC_WARN_UNUSED_FUNCTION = YES;
				GCC_WARN_UNUSED_VARIABLE = YES;
				IPHONEOS_DEPLOYMENT_TARGET = 11.2;
				MTL_ENABLE_DEBUG_INFO = YES;
				ONLY_ACTIVE_ARCH = YES;
				SDKROOT = iphoneos;
				SWIFT_ACTIVE_COMPILATION_CONDITIONS = DEBUG;
				SWIFT_OPTIMIZATION_LEVEL = "-Onone";
			};
			name = Debug;
		};
		2F908D901FDE5868002A069A /* Release */ = {
			isa = XCBuildConfiguration;
			buildSettings = {
				ALWAYS_SEARCH_USER_PATHS = NO;
				CLANG_ANALYZER_NONNULL = YES;
				CLANG_ANALYZER_NUMBER_OBJECT_CONVERSION = YES_AGGRESSIVE;
				CLANG_CXX_LANGUAGE_STANDARD = "gnu++14";
				CLANG_CXX_LIBRARY = "libc++";
				CLANG_ENABLE_MODULES = YES;
				CLANG_ENABLE_OBJC_ARC = YES;
				CLANG_WARN_BLOCK_CAPTURE_AUTORELEASING = YES;
				CLANG_WARN_BOOL_CONVERSION = YES;
				CLANG_WARN_COMMA = YES;
				CLANG_WARN_CONSTANT_CONVERSION = YES;
				CLANG_WARN_DIRECT_OBJC_ISA_USAGE = YES_ERROR;
				CLANG_WARN_DOCUMENTATION_COMMENTS = YES;
				CLANG_WARN_EMPTY_BODY = YES;
				CLANG_WARN_ENUM_CONVERSION = YES;
				CLANG_WARN_INFINITE_RECURSION = YES;
				CLANG_WARN_INT_CONVERSION = YES;
				CLANG_WARN_NON_LITERAL_NULL_CONVERSION = YES;
				CLANG_WARN_OBJC_LITERAL_CONVERSION = YES;
				CLANG_WARN_OBJC_ROOT_CLASS = YES_ERROR;
				CLANG_WARN_RANGE_LOOP_ANALYSIS = YES;
				CLANG_WARN_STRICT_PROTOTYPES = YES;
				CLANG_WARN_SUSPICIOUS_MOVE = YES;
				CLANG_WARN_UNGUARDED_AVAILABILITY = YES_AGGRESSIVE;
				CLANG_WARN_UNREACHABLE_CODE = YES;
				CLANG_WARN__DUPLICATE_METHOD_MATCH = YES;
				CODE_SIGN_IDENTITY = "iPhone Developer";
				COPY_PHASE_STRIP = NO;
				DEBUG_INFORMATION_FORMAT = "dwarf-with-dsym";
				ENABLE_NS_ASSERTIONS = NO;
				ENABLE_STRICT_OBJC_MSGSEND = YES;
				GCC_C_LANGUAGE_STANDARD = gnu11;
				GCC_NO_COMMON_BLOCKS = YES;
				GCC_WARN_64_TO_32_BIT_CONVERSION = YES;
				GCC_WARN_ABOUT_RETURN_TYPE = YES_ERROR;
				GCC_WARN_UNDECLARED_SELECTOR = YES;
				GCC_WARN_UNINITIALIZED_AUTOS = YES_AGGRESSIVE;
				GCC_WARN_UNUSED_FUNCTION = YES;
				GCC_WARN_UNUSED_VARIABLE = YES;
				IPHONEOS_DEPLOYMENT_TARGET = 11.2;
				MTL_ENABLE_DEBUG_INFO = NO;
				SDKROOT = iphoneos;
				SWIFT_OPTIMIZATION_LEVEL = "-Owholemodule";
				VALIDATE_PRODUCT = YES;
			};
			name = Release;
		};
		2F908D921FDE5868002A069A /* Debug */ = {
			isa = XCBuildConfiguration;
			buildSettings = {
				ASSETCATALOG_COMPILER_APPICON_NAME = AppIcon;
				CODE_SIGN_STYLE = Automatic;
				INFOPLIST_FILE = "Swyft App/Info.plist";
				LD_RUNPATH_SEARCH_PATHS = "$(inherited) @executable_path/Frameworks";
				PRODUCT_BUNDLE_IDENTIFIER = "yun.Swyft-App";
				PRODUCT_NAME = "$(TARGET_NAME)";
				SWIFT_VERSION = 4.0;
				TARGETED_DEVICE_FAMILY = "1,2";
			};
			name = Debug;
		};
		2F908D931FDE5868002A069A /* Release */ = {
			isa = XCBuildConfiguration;
			buildSettings = {
				ASSETCATALOG_COMPILER_APPICON_NAME = AppIcon;
				CODE_SIGN_STYLE = Automatic;
				INFOPLIST_FILE = "Swyft App/Info.plist";
				LD_RUNPATH_SEARCH_PATHS = "$(inherited) @executable_path/Frameworks";
				PRODUCT_BUNDLE_IDENTIFIER = "yun.Swyft-App";
				PRODUCT_NAME = "$(TARGET_NAME)";
				SWIFT_VERSION = 4.0;
				TARGETED_DEVICE_FAMILY = "1,2";
			};
			name = Release;
		};
		2F908D951FDE5868002A069A /* Debug */ = {
			isa = XCBuildConfiguration;
			buildSettings = {
				ALWAYS_EMBED_SWIFT_STANDARD_LIBRARIES = YES;
				BUNDLE_LOADER = "$(TEST_HOST)";
				CODE_SIGN_STYLE = Automatic;
				INFOPLIST_FILE = "Swyft AppTests/Info.plist";
				LD_RUNPATH_SEARCH_PATHS = "$(inherited) @executable_path/Frameworks @loader_path/Frameworks";
				PRODUCT_BUNDLE_IDENTIFIER = "yun.Swyft-AppTests";
				PRODUCT_NAME = "$(TARGET_NAME)";
				SWIFT_VERSION = 4.0;
				TARGETED_DEVICE_FAMILY = "1,2";
				TEST_HOST = "$(BUILT_PRODUCTS_DIR)/Swyft App.app/Swyft App";
			};
			name = Debug;
		};
		2F908D961FDE5868002A069A /* Release */ = {
			isa = XCBuildConfiguration;
			buildSettings = {
				ALWAYS_EMBED_SWIFT_STANDARD_LIBRARIES = YES;
				BUNDLE_LOADER = "$(TEST_HOST)";
				CODE_SIGN_STYLE = Automatic;
				INFOPLIST_FILE = "Swyft AppTests/Info.plist";
				LD_RUNPATH_SEARCH_PATHS = "$(inherited) @executable_path/Frameworks @loader_path/Frameworks";
				PRODUCT_BUNDLE_IDENTIFIER = "yun.Swyft-AppTests";
				PRODUCT_NAME = "$(TARGET_NAME)";
				SWIFT_VERSION = 4.0;
				TARGETED_DEVICE_FAMILY = "1,2";
				TEST_HOST = "$(BUILT_PRODUCTS_DIR)/Swyft App.app/Swyft App";
			};
			name = Release;
		};
		2F908D981FDE5868002A069A /* Debug */ = {
			isa = XCBuildConfiguration;
			buildSettings = {
				ALWAYS_EMBED_SWIFT_STANDARD_LIBRARIES = YES;
				CODE_SIGN_STYLE = Automatic;
				INFOPLIST_FILE = "Swyft AppUITests/Info.plist";
				LD_RUNPATH_SEARCH_PATHS = "$(inherited) @executable_path/Frameworks @loader_path/Frameworks";
				PRODUCT_BUNDLE_IDENTIFIER = "yun.Swyft-AppUITests";
				PRODUCT_NAME = "$(TARGET_NAME)";
				SWIFT_VERSION = 4.0;
				TARGETED_DEVICE_FAMILY = "1,2";
				TEST_TARGET_NAME = "Swyft App";
			};
			name = Debug;
		};
		2F908D991FDE5868002A069A /* Release */ = {
			isa = XCBuildConfiguration;
			buildSettings = {
				ALWAYS_EMBED_SWIFT_STANDARD_LIBRARIES = YES;
				CODE_SIGN_STYLE = Automatic;
				INFOPLIST_FILE = "Swyft AppUITests/Info.plist";
				LD_RUNPATH_SEARCH_PATHS = "$(inherited) @executable_path/Frameworks @loader_path/Frameworks";
				PRODUCT_BUNDLE_IDENTIFIER = "yun.Swyft-AppUITests";
				PRODUCT_NAME = "$(TARGET_NAME)";
				SWIFT_VERSION = 4.0;
				TARGETED_DEVICE_FAMILY = "1,2";
				TEST_TARGET_NAME = "Swyft App";
			};
			name = Release;
		};
/* End XCBuildConfiguration section */

/* Begin XCConfigurationList section */
		2F908D641FDE5867002A069A /* Build configuration list for PBXProject "Swyft App" */ = {
			isa = XCConfigurationList;
			buildConfigurations = (
				2F908D8F1FDE5868002A069A /* Debug */,
				2F908D901FDE5868002A069A /* Release */,
			);
			defaultConfigurationIsVisible = 0;
			defaultConfigurationName = Release;
		};
		2F908D911FDE5868002A069A /* Build configuration list for PBXNativeTarget "Swyft App" */ = {
			isa = XCConfigurationList;
			buildConfigurations = (
				2F908D921FDE5868002A069A /* Debug */,
				2F908D931FDE5868002A069A /* Release */,
			);
			defaultConfigurationIsVisible = 0;
			defaultConfigurationName = Release;
		};
		2F908D941FDE5868002A069A /* Build configuration list for PBXNativeTarget "Swyft AppTests" */ = {
			isa = XCConfigurationList;
			buildConfigurations = (
				2F908D951FDE5868002A069A /* Debug */,
				2F908D961FDE5868002A069A /* Release */,
			);
			defaultConfigurationIsVisible = 0;
			defaultConfigurationName = Release;
		};
		2F908D971FDE5868002A069A /* Build configuration list for PBXNativeTarget "Swyft AppUITests" */ = {
			isa = XCConfigurationList;
			buildConfigurations = (
				2F908D981FDE5868002A069A /* Debug */,
				2F908D991FDE5868002A069A /* Release */,
			);
			defaultConfigurationIsVisible = 0;
			defaultConfigurationName = Release;
		};
/* End XCConfigurationList section */
	};
	rootObject = 2F908D611FDE5867002A069A /* Project object */;
}
